// !$*UTF8*$!
{
	archiveVersion = 1;
	classes = {
	};
	objectVersion = 56;
	objects = {

/* Begin PBXBuildFile section */
		0A952F602970666400C8EC0B /* AppDelegate.swift in Sources */ = {isa = PBXBuildFile; fileRef = 0A952F5F2970666400C8EC0B /* AppDelegate.swift */; };
		0A952F622970666400C8EC0B /* SceneDelegate.swift in Sources */ = {isa = PBXBuildFile; fileRef = 0A952F612970666400C8EC0B /* SceneDelegate.swift */; };
		0A952F642970666400C8EC0B /* ViewController.swift in Sources */ = {isa = PBXBuildFile; fileRef = 0A952F632970666400C8EC0B /* ViewController.swift */; };
		0A952F672970666400C8EC0B /* Main.storyboard in Resources */ = {isa = PBXBuildFile; fileRef = 0A952F652970666400C8EC0B /* Main.storyboard */; };
		0A952F692970666700C8EC0B /* Assets.xcassets in Resources */ = {isa = PBXBuildFile; fileRef = 0A952F682970666700C8EC0B /* Assets.xcassets */; };
		0A952F6C2970666700C8EC0B /* LaunchScreen.storyboard in Resources */ = {isa = PBXBuildFile; fileRef = 0A952F6A2970666700C8EC0B /* LaunchScreen.storyboard */; };
		0AD113C2297069F2006E248E /* API.swift in Sources */ = {isa = PBXBuildFile; fileRef = 0AD113C1297069F2006E248E /* API.swift */; };
		0AD113C429706DC0006E248E /* Model.swift in Sources */ = {isa = PBXBuildFile; fileRef = 0AD113C329706DC0006E248E /* Model.swift */; };
		0AD113C62970712A006E248E /* Provider.swift in Sources */ = {isa = PBXBuildFile; fileRef = 0AD113C52970712A006E248E /* Provider.swift */; };
		D4B7C33AE449D701DCEDFFEE /* Pods_ATM_BankMap.framework in Frameworks */ = {isa = PBXBuildFile; fileRef = 79A80011E2B2D96430C528C7 /* Pods_ATM_BankMap.framework */; };
/* End PBXBuildFile section */

/* Begin PBXFileReference section */
		0A952F5C2970666400C8EC0B /* ATM-BankMap.app */ = {isa = PBXFileReference; explicitFileType = wrapper.application; includeInIndex = 0; path = "ATM-BankMap.app"; sourceTree = BUILT_PRODUCTS_DIR; };
		0A952F5F2970666400C8EC0B /* AppDelegate.swift */ = {isa = PBXFileReference; lastKnownFileType = sourcecode.swift; path = AppDelegate.swift; sourceTree = "<group>"; };
		0A952F612970666400C8EC0B /* SceneDelegate.swift */ = {isa = PBXFileReference; lastKnownFileType = sourcecode.swift; path = SceneDelegate.swift; sourceTree = "<group>"; };
		0A952F632970666400C8EC0B /* ViewController.swift */ = {isa = PBXFileReference; lastKnownFileType = sourcecode.swift; path = ViewController.swift; sourceTree = "<group>"; };
		0A952F662970666400C8EC0B /* Base */ = {isa = PBXFileReference; lastKnownFileType = file.storyboard; name = Base; path = Base.lproj/Main.storyboard; sourceTree = "<group>"; };
		0A952F682970666700C8EC0B /* Assets.xcassets */ = {isa = PBXFileReference; lastKnownFileType = folder.assetcatalog; path = Assets.xcassets; sourceTree = "<group>"; };
		0A952F6B2970666700C8EC0B /* Base */ = {isa = PBXFileReference; lastKnownFileType = file.storyboard; name = Base; path = Base.lproj/LaunchScreen.storyboard; sourceTree = "<group>"; };
		0A952F6D2970666700C8EC0B /* Info.plist */ = {isa = PBXFileReference; lastKnownFileType = text.plist.xml; path = Info.plist; sourceTree = "<group>"; };
		0AD113C1297069F2006E248E /* API.swift */ = {isa = PBXFileReference; lastKnownFileType = sourcecode.swift; path = API.swift; sourceTree = "<group>"; };
		0AD113C329706DC0006E248E /* Model.swift */ = {isa = PBXFileReference; lastKnownFileType = sourcecode.swift; path = Model.swift; sourceTree = "<group>"; };
		0AD113C52970712A006E248E /* Provider.swift */ = {isa = PBXFileReference; lastKnownFileType = sourcecode.swift; path = Provider.swift; sourceTree = "<group>"; };
		6C9FF9B1FF1BF251C8CF6163 /* Pods-ATM-BankMap.debug.xcconfig */ = {isa = PBXFileReference; includeInIndex = 1; lastKnownFileType = text.xcconfig; name = "Pods-ATM-BankMap.debug.xcconfig"; path = "Target Support Files/Pods-ATM-BankMap/Pods-ATM-BankMap.debug.xcconfig"; sourceTree = "<group>"; };
		73F0D583E30AEA3E4379431A /* Pods-ATM-BankMap.release.xcconfig */ = {isa = PBXFileReference; includeInIndex = 1; lastKnownFileType = text.xcconfig; name = "Pods-ATM-BankMap.release.xcconfig"; path = "Target Support Files/Pods-ATM-BankMap/Pods-ATM-BankMap.release.xcconfig"; sourceTree = "<group>"; };
		79A80011E2B2D96430C528C7 /* Pods_ATM_BankMap.framework */ = {isa = PBXFileReference; explicitFileType = wrapper.framework; includeInIndex = 0; path = Pods_ATM_BankMap.framework; sourceTree = BUILT_PRODUCTS_DIR; };
/* End PBXFileReference section */

/* Begin PBXFrameworksBuildPhase section */
		0A952F592970666400C8EC0B /* Frameworks */ = {
			isa = PBXFrameworksBuildPhase;
			buildActionMask = 2147483647;
			files = (
				D4B7C33AE449D701DCEDFFEE /* Pods_ATM_BankMap.framework in Frameworks */,
			);
			runOnlyForDeploymentPostprocessing = 0;
		};
/* End PBXFrameworksBuildPhase section */

/* Begin PBXGroup section */
		0A952F532970666400C8EC0B = {
			isa = PBXGroup;
			children = (
				0A952F5E2970666400C8EC0B /* ATM-BankMap */,
				0A952F5D2970666400C8EC0B /* Products */,
				24B0D320E9C4C73574A70BEB /* Pods */,
				79220A918BCB0D3ED3290BC0 /* Frameworks */,
			);
			sourceTree = "<group>";
		};
		0A952F5D2970666400C8EC0B /* Products */ = {
			isa = PBXGroup;
			children = (
				0A952F5C2970666400C8EC0B /* ATM-BankMap.app */,
			);
			name = Products;
			sourceTree = "<group>";
		};
		0A952F5E2970666400C8EC0B /* ATM-BankMap */ = {
			isa = PBXGroup;
			children = (
				0A952F5F2970666400C8EC0B /* AppDelegate.swift */,
				0A952F612970666400C8EC0B /* SceneDelegate.swift */,
				0A952F632970666400C8EC0B /* ViewController.swift */,
				0A952F652970666400C8EC0B /* Main.storyboard */,
				0A952F682970666700C8EC0B /* Assets.xcassets */,
				0A952F6A2970666700C8EC0B /* LaunchScreen.storyboard */,
				0A952F6D2970666700C8EC0B /* Info.plist */,
				0AD113C1297069F2006E248E /* API.swift */,
				0AD113C329706DC0006E248E /* Model.swift */,
				0AD113C52970712A006E248E /* Provider.swift */,
			);
			path = "ATM-BankMap";
			sourceTree = "<group>";
		};
		24B0D320E9C4C73574A70BEB /* Pods */ = {
			isa = PBXGroup;
			children = (
				6C9FF9B1FF1BF251C8CF6163 /* Pods-ATM-BankMap.debug.xcconfig */,
				73F0D583E30AEA3E4379431A /* Pods-ATM-BankMap.release.xcconfig */,
			);
			path = Pods;
			sourceTree = "<group>";
		};
		79220A918BCB0D3ED3290BC0 /* Frameworks */ = {
			isa = PBXGroup;
			children = (
				79A80011E2B2D96430C528C7 /* Pods_ATM_BankMap.framework */,
			);
			name = Frameworks;
			sourceTree = "<group>";
		};
/* End PBXGroup section */

/* Begin PBXNativeTarget section */
		0A952F5B2970666400C8EC0B /* ATM-BankMap */ = {
			isa = PBXNativeTarget;
			buildConfigurationList = 0A952F702970666700C8EC0B /* Build configuration list for PBXNativeTarget "ATM-BankMap" */;
			buildPhases = (
				F9D6CFA53B40728CFAD7E966 /* [CP] Check Pods Manifest.lock */,
				0A952F582970666400C8EC0B /* Sources */,
				0A952F592970666400C8EC0B /* Frameworks */,
				0A952F5A2970666400C8EC0B /* Resources */,
				7603BE092B35B22EC386C46F /* [CP] Embed Pods Frameworks */,
				5D79B46D467D7E0C0E3770E0 /* [CP] Copy Pods Resources */,
			);
			buildRules = (
			);
			dependencies = (
			);
			name = "ATM-BankMap";
			productName = "ATM-BankMap";
			productReference = 0A952F5C2970666400C8EC0B /* ATM-BankMap.app */;
			productType = "com.apple.product-type.application";
		};
/* End PBXNativeTarget section */

/* Begin PBXProject section */
		0A952F542970666400C8EC0B /* Project object */ = {
			isa = PBXProject;
			attributes = {
				BuildIndependentTargetsInParallel = 1;
				LastSwiftUpdateCheck = 1410;
				LastUpgradeCheck = 1410;
				TargetAttributes = {
					0A952F5B2970666400C8EC0B = {
						CreatedOnToolsVersion = 14.1;
					};
				};
			};
			buildConfigurationList = 0A952F572970666400C8EC0B /* Build configuration list for PBXProject "ATM-BankMap" */;
			compatibilityVersion = "Xcode 14.0";
			developmentRegion = en;
			hasScannedForEncodings = 0;
			knownRegions = (
				en,
				Base,
			);
			mainGroup = 0A952F532970666400C8EC0B;
			productRefGroup = 0A952F5D2970666400C8EC0B /* Products */;
			projectDirPath = "";
			projectRoot = "";
			targets = (
				0A952F5B2970666400C8EC0B /* ATM-BankMap */,
			);
		};
/* End PBXProject section */

/* Begin PBXResourcesBuildPhase section */
		0A952F5A2970666400C8EC0B /* Resources */ = {
			isa = PBXResourcesBuildPhase;
			buildActionMask = 2147483647;
			files = (
				0A952F6C2970666700C8EC0B /* LaunchScreen.storyboard in Resources */,
				0A952F692970666700C8EC0B /* Assets.xcassets in Resources */,
				0A952F672970666400C8EC0B /* Main.storyboard in Resources */,
			);
			runOnlyForDeploymentPostprocessing = 0;
		};
/* End PBXResourcesBuildPhase section */

/* Begin PBXShellScriptBuildPhase section */
		5D79B46D467D7E0C0E3770E0 /* [CP] Copy Pods Resources */ = {
			isa = PBXShellScriptBuildPhase;
			buildActionMask = 2147483647;
			files = (
			);
			inputFileListPaths = (
				"${PODS_ROOT}/Target Support Files/Pods-ATM-BankMap/Pods-ATM-BankMap-resources-${CONFIGURATION}-input-files.xcfilelist",
			);
			name = "[CP] Copy Pods Resources";
			outputFileListPaths = (
				"${PODS_ROOT}/Target Support Files/Pods-ATM-BankMap/Pods-ATM-BankMap-resources-${CONFIGURATION}-output-files.xcfilelist",
			);
			runOnlyForDeploymentPostprocessing = 0;
			shellPath = /bin/sh;
			shellScript = "\"${PODS_ROOT}/Target Support Files/Pods-ATM-BankMap/Pods-ATM-BankMap-resources.sh\"\n";
			showEnvVarsInLog = 0;
		};
		7603BE092B35B22EC386C46F /* [CP] Embed Pods Frameworks */ = {
			isa = PBXShellScriptBuildPhase;
			buildActionMask = 2147483647;
			files = (
			);
			inputFileListPaths = (
				"${PODS_ROOT}/Target Support Files/Pods-ATM-BankMap/Pods-ATM-BankMap-frameworks-${CONFIGURATION}-input-files.xcfilelist",
			);
			name = "[CP] Embed Pods Frameworks";
			outputFileListPaths = (
				"${PODS_ROOT}/Target Support Files/Pods-ATM-BankMap/Pods-ATM-BankMap-frameworks-${CONFIGURATION}-output-files.xcfilelist",
			);
			runOnlyForDeploymentPostprocessing = 0;
			shellPath = /bin/sh;
			shellScript = "\"${PODS_ROOT}/Target Support Files/Pods-ATM-BankMap/Pods-ATM-BankMap-frameworks.sh\"\n";
			showEnvVarsInLog = 0;
		};
		F9D6CFA53B40728CFAD7E966 /* [CP] Check Pods Manifest.lock */ = {
			isa = PBXShellScriptBuildPhase;
			buildActionMask = 2147483647;
			files = (
			);
			inputFileListPaths = (
			);
			inputPaths = (
				"${PODS_PODFILE_DIR_PATH}/Podfile.lock",
				"${PODS_ROOT}/Manifest.lock",
			);
			name = "[CP] Check Pods Manifest.lock";
			outputFileListPaths = (
			);
			outputPaths = (
				"$(DERIVED_FILE_DIR)/Pods-ATM-BankMap-checkManifestLockResult.txt",
			);
			runOnlyForDeploymentPostprocessing = 0;
			shellPath = /bin/sh;
			shellScript = "diff \"${PODS_PODFILE_DIR_PATH}/Podfile.lock\" \"${PODS_ROOT}/Manifest.lock\" > /dev/null\nif [ $? != 0 ] ; then\n    # print error to STDERR\n    echo \"error: The sandbox is not in sync with the Podfile.lock. Run 'pod install' or update your CocoaPods installation.\" >&2\n    exit 1\nfi\n# This output is used by Xcode 'outputs' to avoid re-running this script phase.\necho \"SUCCESS\" > \"${SCRIPT_OUTPUT_FILE_0}\"\n";
			showEnvVarsInLog = 0;
		};
/* End PBXShellScriptBuildPhase section */

/* Begin PBXSourcesBuildPhase section */
		0A952F582970666400C8EC0B /* Sources */ = {
			isa = PBXSourcesBuildPhase;
			buildActionMask = 2147483647;
			files = (
				0AD113C429706DC0006E248E /* Model.swift in Sources */,
				0A952F642970666400C8EC0B /* ViewController.swift in Sources */,
				0A952F602970666400C8EC0B /* AppDelegate.swift in Sources */,
				0AD113C2297069F2006E248E /* API.swift in Sources */,
				0AD113C62970712A006E248E /* Provider.swift in Sources */,
				0A952F622970666400C8EC0B /* SceneDelegate.swift in Sources */,
			);
			runOnlyForDeploymentPostprocessing = 0;
		};
/* End PBXSourcesBuildPhase section */

/* Begin PBXVariantGroup section */
		0A952F652970666400C8EC0B /* Main.storyboard */ = {
			isa = PBXVariantGroup;
			children = (
				0A952F662970666400C8EC0B /* Base */,
			);
			name = Main.storyboard;
			sourceTree = "<group>";
		};
		0A952F6A2970666700C8EC0B /* LaunchScreen.storyboard */ = {
			isa = PBXVariantGroup;
			children = (
				0A952F6B2970666700C8EC0B /* Base */,
			);
			name = LaunchScreen.storyboard;
			sourceTree = "<group>";
		};
/* End PBXVariantGroup section */

/* Begin XCBuildConfiguration section */
		0A952F6E2970666700C8EC0B /* Debug */ = {
			isa = XCBuildConfiguration;
			buildSettings = {
				ALWAYS_SEARCH_USER_PATHS = NO;
				CLANG_ANALYZER_NONNULL = YES;
				CLANG_ANALYZER_NUMBER_OBJECT_CONVERSION = YES_AGGRESSIVE;
				CLANG_CXX_LANGUAGE_STANDARD = "gnu++20";
				CLANG_ENABLE_MODULES = YES;
				CLANG_ENABLE_OBJC_ARC = YES;
				CLANG_ENABLE_OBJC_WEAK = YES;
				CLANG_WARN_BLOCK_CAPTURE_AUTORELEASING = YES;
				CLANG_WARN_BOOL_CONVERSION = YES;
				CLANG_WARN_COMMA = YES;
				CLANG_WARN_CONSTANT_CONVERSION = YES;
				CLANG_WARN_DEPRECATED_OBJC_IMPLEMENTATIONS = YES;
				CLANG_WARN_DIRECT_OBJC_ISA_USAGE = YES_ERROR;
				CLANG_WARN_DOCUMENTATION_COMMENTS = YES;
				CLANG_WARN_EMPTY_BODY = YES;
				CLANG_WARN_ENUM_CONVERSION = YES;
				CLANG_WARN_INFINITE_RECURSION = YES;
				CLANG_WARN_INT_CONVERSION = YES;
				CLANG_WARN_NON_LITERAL_NULL_CONVERSION = YES;
				CLANG_WARN_OBJC_IMPLICIT_RETAIN_SELF = YES;
				CLANG_WARN_OBJC_LITERAL_CONVERSION = YES;
				CLANG_WARN_OBJC_ROOT_CLASS = YES_ERROR;
				CLANG_WARN_QUOTED_INCLUDE_IN_FRAMEWORK_HEADER = YES;
				CLANG_WARN_RANGE_LOOP_ANALYSIS = YES;
				CLANG_WARN_STRICT_PROTOTYPES = YES;
				CLANG_WARN_SUSPICIOUS_MOVE = YES;
				CLANG_WARN_UNGUARDED_AVAILABILITY = YES_AGGRESSIVE;
				CLANG_WARN_UNREACHABLE_CODE = YES;
				CLANG_WARN__DUPLICATE_METHOD_MATCH = YES;
				COPY_PHASE_STRIP = NO;
				DEBUG_INFORMATION_FORMAT = dwarf;
				ENABLE_STRICT_OBJC_MSGSEND = YES;
				ENABLE_TESTABILITY = YES;
				GCC_C_LANGUAGE_STANDARD = gnu11;
				GCC_DYNAMIC_NO_PIC = NO;
				GCC_NO_COMMON_BLOCKS = YES;
				GCC_OPTIMIZATION_LEVEL = 0;
				GCC_PREPROCESSOR_DEFINITIONS = (
					"DEBUG=1",
					"$(inherited)",
				);
				GCC_WARN_64_TO_32_BIT_CONVERSION = YES;
				GCC_WARN_ABOUT_RETURN_TYPE = YES_ERROR;
				GCC_WARN_UNDECLARED_SELECTOR = YES;
				GCC_WARN_UNINITIALIZED_AUTOS = YES_AGGRESSIVE;
				GCC_WARN_UNUSED_FUNCTION = YES;
				GCC_WARN_UNUSED_VARIABLE = YES;
				IPHONEOS_DEPLOYMENT_TARGET = 16.1;
				MTL_ENABLE_DEBUG_INFO = INCLUDE_SOURCE;
				MTL_FAST_MATH = YES;
				ONLY_ACTIVE_ARCH = YES;
				SDKROOT = iphoneos;
				SWIFT_ACTIVE_COMPILATION_CONDITIONS = DEBUG;
				SWIFT_OPTIMIZATION_LEVEL = "-Onone";
			};
			name = Debug;
		};
		0A952F6F2970666700C8EC0B /* Release */ = {
			isa = XCBuildConfiguration;
			buildSettings = {
				ALWAYS_SEARCH_USER_PATHS = NO;
				CLANG_ANALYZER_NONNULL = YES;
				CLANG_ANALYZER_NUMBER_OBJECT_CONVERSION = YES_AGGRESSIVE;
				CLANG_CXX_LANGUAGE_STANDARD = "gnu++20";
				CLANG_ENABLE_MODULES = YES;
				CLANG_ENABLE_OBJC_ARC = YES;
				CLANG_ENABLE_OBJC_WEAK = YES;
				CLANG_WARN_BLOCK_CAPTURE_AUTORELEASING = YES;
				CLANG_WARN_BOOL_CONVERSION = YES;
				CLANG_WARN_COMMA = YES;
				CLANG_WARN_CONSTANT_CONVERSION = YES;
				CLANG_WARN_DEPRECATED_OBJC_IMPLEMENTATIONS = YES;
				CLANG_WARN_DIRECT_OBJC_ISA_USAGE = YES_ERROR;
				CLANG_WARN_DOCUMENTATION_COMMENTS = YES;
				CLANG_WARN_EMPTY_BODY = YES;
				CLANG_WARN_ENUM_CONVERSION = YES;
				CLANG_WARN_INFINITE_RECURSION = YES;
				CLANG_WARN_INT_CONVERSION = YES;
				CLANG_WARN_NON_LITERAL_NULL_CONVERSION = YES;
				CLANG_WARN_OBJC_IMPLICIT_RETAIN_SELF = YES;
				CLANG_WARN_OBJC_LITERAL_CONVERSION = YES;
				CLANG_WARN_OBJC_ROOT_CLASS = YES_ERROR;
				CLANG_WARN_QUOTED_INCLUDE_IN_FRAMEWORK_HEADER = YES;
				CLANG_WARN_RANGE_LOOP_ANALYSIS = YES;
				CLANG_WARN_STRICT_PROTOTYPES = YES;
				CLANG_WARN_SUSPICIOUS_MOVE = YES;
				CLANG_WARN_UNGUARDED_AVAILABILITY = YES_AGGRESSIVE;
				CLANG_WARN_UNREACHABLE_CODE = YES;
				CLANG_WARN__DUPLICATE_METHOD_MATCH = YES;
				COPY_PHASE_STRIP = NO;
				DEBUG_INFORMATION_FORMAT = "dwarf-with-dsym";
				ENABLE_NS_ASSERTIONS = NO;
				ENABLE_STRICT_OBJC_MSGSEND = YES;
				GCC_C_LANGUAGE_STANDARD = gnu11;
				GCC_NO_COMMON_BLOCKS = YES;
				GCC_WARN_64_TO_32_BIT_CONVERSION = YES;
				GCC_WARN_ABOUT_RETURN_TYPE = YES_ERROR;
				GCC_WARN_UNDECLARED_SELECTOR = YES;
				GCC_WARN_UNINITIALIZED_AUTOS = YES_AGGRESSIVE;
				GCC_WARN_UNUSED_FUNCTION = YES;
				GCC_WARN_UNUSED_VARIABLE = YES;
				IPHONEOS_DEPLOYMENT_TARGET = 16.1;
				MTL_ENABLE_DEBUG_INFO = NO;
				MTL_FAST_MATH = YES;
				SDKROOT = iphoneos;
				SWIFT_COMPILATION_MODE = wholemodule;
				SWIFT_OPTIMIZATION_LEVEL = "-O";
				VALIDATE_PRODUCT = YES;
			};
			name = Release;
		};
		0A952F712970666700C8EC0B /* Debug */ = {
			isa = XCBuildConfiguration;
			baseConfigurationReference = 6C9FF9B1FF1BF251C8CF6163 /* Pods-ATM-BankMap.debug.xcconfig */;
			buildSettings = {
				ASSETCATALOG_COMPILER_APPICON_NAME = AppIcon;
				ASSETCATALOG_COMPILER_GLOBAL_ACCENT_COLOR_NAME = AccentColor;
				CODE_SIGN_STYLE = Automatic;
				CURRENT_PROJECT_VERSION = 1;
				DEVELOPMENT_TEAM = 89HUYZRC4L;
				GENERATE_INFOPLIST_FILE = YES;
				INFOPLIST_FILE = "ATM-BankMap/Info.plist";
				INFOPLIST_KEY_UIApplicationSupportsIndirectInputEvents = YES;
				INFOPLIST_KEY_UILaunchStoryboardName = LaunchScreen;
				INFOPLIST_KEY_UIMainStoryboardFile = Main;
				INFOPLIST_KEY_UISupportedInterfaceOrientations_iPad = "UIInterfaceOrientationPortrait UIInterfaceOrientationPortraitUpsideDown UIInterfaceOrientationLandscapeLeft UIInterfaceOrientationLandscapeRight";
				INFOPLIST_KEY_UISupportedInterfaceOrientations_iPhone = "UIInterfaceOrientationPortrait UIInterfaceOrientationLandscapeLeft UIInterfaceOrientationLandscapeRight";
				LD_RUNPATH_SEARCH_PATHS = (
					"$(inherited)",
					"@executable_path/Frameworks",
				);
				MARKETING_VERSION = 1.0;
				PRODUCT_BUNDLE_IDENTIFIER = "-.ATM-BankMap";
				PRODUCT_NAME = "$(TARGET_NAME)";
				SWIFT_EMIT_LOC_STRINGS = YES;
				SWIFT_VERSION = 5.0;
				TARGETED_DEVICE_FAMILY = "1,2";
			};
			name = Debug;
		};
		0A952F722970666700C8EC0B /* Release */ = {
			isa = XCBuildConfiguration;
			baseConfigurationReference = 73F0D583E30AEA3E4379431A /* Pods-ATM-BankMap.release.xcconfig */;
			buildSettings = {
				ASSETCATALOG_COMPILER_APPICON_NAME = AppIcon;
				ASSETCATALOG_COMPILER_GLOBAL_ACCENT_COLOR_NAME = AccentColor;
				CODE_SIGN_STYLE = Automatic;
				CURRENT_PROJECT_VERSION = 1;
				DEVELOPMENT_TEAM = 89HUYZRC4L;
				GENERATE_INFOPLIST_FILE = YES;
				INFOPLIST_FILE = "ATM-BankMap/Info.plist";
				INFOPLIST_KEY_UIApplicationSupportsIndirectInputEvents = YES;
				INFOPLIST_KEY_UILaunchStoryboardName = LaunchScreen;
				INFOPLIST_KEY_UIMainStoryboardFile = Main;
				INFOPLIST_KEY_UISupportedInterfaceOrientations_iPad = "UIInterfaceOrientationPortrait UIInterfaceOrientationPortraitUpsideDown UIInterfaceOrientationLandscapeLeft UIInterfaceOrientationLandscapeRight";
				INFOPLIST_KEY_UISupportedInterfaceOrientations_iPhone = "UIInterfaceOrientationPortrait UIInterfaceOrientationLandscapeLeft UIInterfaceOrientationLandscapeRight";
				LD_RUNPATH_SEARCH_PATHS = (
					"$(inherited)",
					"@executable_path/Frameworks",
				);
				MARKETING_VERSION = 1.0;
				PRODUCT_BUNDLE_IDENTIFIER = "-.ATM-BankMap";
				PRODUCT_NAME = "$(TARGET_NAME)";
				SWIFT_EMIT_LOC_STRINGS = YES;
				SWIFT_VERSION = 5.0;
				TARGETED_DEVICE_FAMILY = "1,2";
			};
			name = Release;
		};
/* End XCBuildConfiguration section */

/* Begin XCConfigurationList section */
		0A952F572970666400C8EC0B /* Build configuration list for PBXProject "ATM-BankMap" */ = {
			isa = XCConfigurationList;
			buildConfigurations = (
				0A952F6E2970666700C8EC0B /* Debug */,
				0A952F6F2970666700C8EC0B /* Release */,
			);
			defaultConfigurationIsVisible = 0;
			defaultConfigurationName = Release;
		};
		0A952F702970666700C8EC0B /* Build configuration list for PBXNativeTarget "ATM-BankMap" */ = {
			isa = XCConfigurationList;
			buildConfigurations = (
				0A952F712970666700C8EC0B /* Debug */,
				0A952F722970666700C8EC0B /* Release */,
			);
			defaultConfigurationIsVisible = 0;
			defaultConfigurationName = Release;
		};
/* End XCConfigurationList section */
	};
	rootObject = 0A952F542970666400C8EC0B /* Project object */;
}
